
Microsoft Visual Studio Solution File, Format Version 12.00
# Visual Studio Version 16
VisualStudioVersion = 16.0.33927.289
MinimumVisualStudioVersion = 10.0.40219.1
Project("{2150E333-8FDC-42A3-9474-1A3956D46DE8}") = "Task0", "Task0", "{F6B1786A-989D-49AE-8B31-D2A8F88115DF}"
EndProject
Project("{FAE04EC0-301F-11D3-BF4B-00C04F79EFBC}") = "Tyuiu.PasechnikPA.Sprint1.Task0.V5", "Tyuiu.PasechnikPA.Sprint1.Task0.V5\Tyuiu.PasechnikPA.Sprint1.Task0.V5.csproj", "{368E11C4-700E-4417-B544-F8E423CBF19C}"
EndProject
Project("{FAE04EC0-301F-11D3-BF4B-00C04F79EFBC}") = "Tyuiu.PasechnikPA.Sprint1.Task0.V5.Test", "Tyuiu.PasechnikPA.Sprint1.Task0.V5.Test\Tyuiu.PasechnikPA.Sprint1.Task0.V5.Test.csproj", "{1BAB3BE4-6AF4-4D3F-A4EE-54A3990ED3A5}"
EndProject
Project("{FAE04EC0-301F-11D3-BF4B-00C04F79EFBC}") = "Tyuiu.PasechnikPA.Sprint1.Task0.V5.Lib", "Tyuiu.PasechnikPA.Sprint1.Task0.V5.Lib\Tyuiu.PasechnikPA.Sprint1.Task0.V5.Lib.csproj", "{DC7070FE-B41B-4082-9C5C-C4CA7F0C4E94}"
EndProject
Project("{2150E333-8FDC-42A3-9474-1A3956D46DE8}") = "Task1", "Task1", "{D422D9FD-5958-4A64-8A55-6BB807149A66}"
EndProject
Project("{FAE04EC0-301F-11D3-BF4B-00C04F79EFBC}") = "Tyuiu.PasechnikPA.Sprint1.Task1.V24", "Tyuiu.PasechnikPA.Sprint1.Task1.V24\Tyuiu.PasechnikPA.Sprint1.Task1.V24.csproj", "{FC2B7FFE-DF71-45F7-87F1-ED7FC43929EA}"
EndProject
Project("{FAE04EC0-301F-11D3-BF4B-00C04F79EFBC}") = "Tyuiu.PasechnikPA.Sprint1.Task1.V24.Lib", "Tyuiu.PasechnikPA.Sprint1.Task1.V24.Lib\Tyuiu.PasechnikPA.Sprint1.Task1.V24.Lib.csproj", "{FC47DFAC-6AAF-4D5D-A900-57E56A0EA991}"
EndProject
Project("{FAE04EC0-301F-11D3-BF4B-00C04F79EFBC}") = "Tyuiu.PasechnikPA.Sprint1.Task1.V24.Test", "Tyuiu.PasechnikPA.Sprint1.Task1.V24.Test\Tyuiu.PasechnikPA.Sprint1.Task1.V24.Test.csproj", "{DC0D2575-3D86-4F48-94A9-1E7BF4EE16DA}"
EndProject
Project("{2150E333-8FDC-42A3-9474-1A3956D46DE8}") = "Task2", "Task2", "{9DB17D3E-8140-47AE-9B02-6D80B01EFBB7}"
EndProject
Project("{FAE04EC0-301F-11D3-BF4B-00C04F79EFBC}") = "Tyuiu.PasechnikPA.Sprint1.Task2.V20", "Tyuiu.PasechnikPA.Sprint1.Task2.V20\Tyuiu.PasechnikPA.Sprint1.Task2.V20.csproj", "{AAA4AF50-B3BC-4EC0-945F-64FD9D7A8328}"
EndProject
Project("{FAE04EC0-301F-11D3-BF4B-00C04F79EFBC}") = "Tyuiu.PasechnikPA.Sprint1.Task2.V20.Lib", "Tyuiu.PasechnikPA.Sprint1.Task2.V20.Lib\Tyuiu.PasechnikPA.Sprint1.Task2.V20.Lib.csproj", "{021E0F71-3F6B-455A-B4E7-00993126EAB3}"
EndProject
Project("{FAE04EC0-301F-11D3-BF4B-00C04F79EFBC}") = "Tyuiu.PasechnikPA.Sprint1.Task2.V20.Test", "Tyuiu.PasechnikPA.Sprint1.Task2.V20.Test\Tyuiu.PasechnikPA.Sprint1.Task2.V20.Test.csproj", "{6AF6C3A1-76B7-4A26-AF64-3F7B872174F6}"
EndProject
Project("{2150E333-8FDC-42A3-9474-1A3956D46DE8}") = "Task3", "Task3", "{EA698ED1-FEDD-441D-BF23-F89566D9282F}"
EndProject
Project("{FAE04EC0-301F-11D3-BF4B-00C04F79EFBC}") = "Tyuiu.PasechnikPA.Sprint1.Task3.V13", "Tyuiu.PasechnikPA.Sprint1.Task3.V13\Tyuiu.PasechnikPA.Sprint1.Task3.V13.csproj", "{934329AB-75A6-49B1-BC1D-EC1219223B95}"
EndProject
Project("{FAE04EC0-301F-11D3-BF4B-00C04F79EFBC}") = "Tyuiu.PasechnikPA.Sprint1.Task3.V13.Lib", "Tyuiu.PasechnikPA.Sprint1.Task3.V13.Lib\Tyuiu.PasechnikPA.Sprint1.Task3.V13.Lib.csproj", "{36894E1E-4D7B-4CC7-892F-BECB994677D2}"
EndProject
Project("{FAE04EC0-301F-11D3-BF4B-00C04F79EFBC}") = "Tyuiu.PasechnikPA.Sprint1.Task3.V13.Test", "Tyuiu.PasechnikPA.Sprint1.Task3.V13.Test\Tyuiu.PasechnikPA.Sprint1.Task3.V13.Test.csproj", "{643010EE-CEF7-4A53-B1DB-8BD48533DC03}"
EndProject
Global
	GlobalSection(SolutionConfigurationPlatforms) = preSolution
		Debug|Any CPU = Debug|Any CPU
		Release|Any CPU = Release|Any CPU
	EndGlobalSection
	GlobalSection(ProjectConfigurationPlatforms) = postSolution
		{368E11C4-700E-4417-B544-F8E423CBF19C}.Debug|Any CPU.ActiveCfg = Debug|Any CPU
		{368E11C4-700E-4417-B544-F8E423CBF19C}.Debug|Any CPU.Build.0 = Debug|Any CPU
		{368E11C4-700E-4417-B544-F8E423CBF19C}.Release|Any CPU.ActiveCfg = Release|Any CPU
		{368E11C4-700E-4417-B544-F8E423CBF19C}.Release|Any CPU.Build.0 = Release|Any CPU
		{1BAB3BE4-6AF4-4D3F-A4EE-54A3990ED3A5}.Debug|Any CPU.ActiveCfg = Debug|Any CPU
		{1BAB3BE4-6AF4-4D3F-A4EE-54A3990ED3A5}.Debug|Any CPU.Build.0 = Debug|Any CPU
		{1BAB3BE4-6AF4-4D3F-A4EE-54A3990ED3A5}.Release|Any CPU.ActiveCfg = Release|Any CPU
		{1BAB3BE4-6AF4-4D3F-A4EE-54A3990ED3A5}.Release|Any CPU.Build.0 = Release|Any CPU
		{DC7070FE-B41B-4082-9C5C-C4CA7F0C4E94}.Debug|Any CPU.ActiveCfg = Debug|Any CPU
		{DC7070FE-B41B-4082-9C5C-C4CA7F0C4E94}.Debug|Any CPU.Build.0 = Debug|Any CPU
		{DC7070FE-B41B-4082-9C5C-C4CA7F0C4E94}.Release|Any CPU.ActiveCfg = Release|Any CPU
		{DC7070FE-B41B-4082-9C5C-C4CA7F0C4E94}.Release|Any CPU.Build.0 = Release|Any CPU
		{FC2B7FFE-DF71-45F7-87F1-ED7FC43929EA}.Debug|Any CPU.ActiveCfg = Debug|Any CPU
		{FC2B7FFE-DF71-45F7-87F1-ED7FC43929EA}.Debug|Any CPU.Build.0 = Debug|Any CPU
		{FC2B7FFE-DF71-45F7-87F1-ED7FC43929EA}.Release|Any CPU.ActiveCfg = Release|Any CPU
		{FC2B7FFE-DF71-45F7-87F1-ED7FC43929EA}.Release|Any CPU.Build.0 = Release|Any CPU
		{FC47DFAC-6AAF-4D5D-A900-57E56A0EA991}.Debug|Any CPU.ActiveCfg = Debug|Any CPU
		{FC47DFAC-6AAF-4D5D-A900-57E56A0EA991}.Debug|Any CPU.Build.0 = Debug|Any CPU
		{FC47DFAC-6AAF-4D5D-A900-57E56A0EA991}.Release|Any CPU.ActiveCfg = Release|Any CPU
		{FC47DFAC-6AAF-4D5D-A900-57E56A0EA991}.Release|Any CPU.Build.0 = Release|Any CPU
		{DC0D2575-3D86-4F48-94A9-1E7BF4EE16DA}.Debug|Any CPU.ActiveCfg = Debug|Any CPU
		{DC0D2575-3D86-4F48-94A9-1E7BF4EE16DA}.Debug|Any CPU.Build.0 = Debug|Any CPU
		{DC0D2575-3D86-4F48-94A9-1E7BF4EE16DA}.Release|Any CPU.ActiveCfg = Release|Any CPU
		{DC0D2575-3D86-4F48-94A9-1E7BF4EE16DA}.Release|Any CPU.Build.0 = Release|Any CPU
		{AAA4AF50-B3BC-4EC0-945F-64FD9D7A8328}.Debug|Any CPU.ActiveCfg = Debug|Any CPU
		{AAA4AF50-B3BC-4EC0-945F-64FD9D7A8328}.Debug|Any CPU.Build.0 = Debug|Any CPU
		{AAA4AF50-B3BC-4EC0-945F-64FD9D7A8328}.Release|Any CPU.ActiveCfg = Release|Any CPU
		{AAA4AF50-B3BC-4EC0-945F-64FD9D7A8328}.Release|Any CPU.Build.0 = Release|Any CPU
		{021E0F71-3F6B-455A-B4E7-00993126EAB3}.Debug|Any CPU.ActiveCfg = Debug|Any CPU
		{021E0F71-3F6B-455A-B4E7-00993126EAB3}.Debug|Any CPU.Build.0 = Debug|Any CPU
		{021E0F71-3F6B-455A-B4E7-00993126EAB3}.Release|Any CPU.ActiveCfg = Release|Any CPU
		{021E0F71-3F6B-455A-B4E7-00993126EAB3}.Release|Any CPU.Build.0 = Release|Any CPU
		{6AF6C3A1-76B7-4A26-AF64-3F7B872174F6}.Debug|Any CPU.ActiveCfg = Debug|Any CPU
		{6AF6C3A1-76B7-4A26-AF64-3F7B872174F6}.Debug|Any CPU.Build.0 = Debug|Any CPU
		{6AF6C3A1-76B7-4A26-AF64-3F7B872174F6}.Release|Any CPU.ActiveCfg = Release|Any CPU
		{6AF6C3A1-76B7-4A26-AF64-3F7B872174F6}.Release|Any CPU.Build.0 = Release|Any CPU
		{934329AB-75A6-49B1-BC1D-EC1219223B95}.Debug|Any CPU.ActiveCfg = Debug|Any CPU
		{934329AB-75A6-49B1-BC1D-EC1219223B95}.Debug|Any CPU.Build.0 = Debug|Any CPU
		{934329AB-75A6-49B1-BC1D-EC1219223B95}.Release|Any CPU.ActiveCfg = Release|Any CPU
		{934329AB-75A6-49B1-BC1D-EC1219223B95}.Release|Any CPU.Build.0 = Release|Any CPU
		{36894E1E-4D7B-4CC7-892F-BECB994677D2}.Debug|Any CPU.ActiveCfg = Debug|Any CPU
		{36894E1E-4D7B-4CC7-892F-BECB994677D2}.Debug|Any CPU.Build.0 = Debug|Any CPU
		{36894E1E-4D7B-4CC7-892F-BECB994677D2}.Release|Any CPU.ActiveCfg = Release|Any CPU
		{36894E1E-4D7B-4CC7-892F-BECB994677D2}.Release|Any CPU.Build.0 = Release|Any CPU
		{643010EE-CEF7-4A53-B1DB-8BD48533DC03}.Debug|Any CPU.ActiveCfg = Debug|Any CPU
		{643010EE-CEF7-4A53-B1DB-8BD48533DC03}.Debug|Any CPU.Build.0 = Debug|Any CPU
		{643010EE-CEF7-4A53-B1DB-8BD48533DC03}.Release|Any CPU.ActiveCfg = Release|Any CPU
		{643010EE-CEF7-4A53-B1DB-8BD48533DC03}.Release|Any CPU.Build.0 = Release|Any CPU
	EndGlobalSection
	GlobalSection(SolutionProperties) = preSolution
		HideSolutionNode = FALSE
	EndGlobalSection
	GlobalSection(NestedProjects) = preSolution
		{368E11C4-700E-4417-B544-F8E423CBF19C} = {F6B1786A-989D-49AE-8B31-D2A8F88115DF}
		{1BAB3BE4-6AF4-4D3F-A4EE-54A3990ED3A5} = {F6B1786A-989D-49AE-8B31-D2A8F88115DF}
		{DC7070FE-B41B-4082-9C5C-C4CA7F0C4E94} = {F6B1786A-989D-49AE-8B31-D2A8F88115DF}
		{FC2B7FFE-DF71-45F7-87F1-ED7FC43929EA} = {D422D9FD-5958-4A64-8A55-6BB807149A66}
		{FC47DFAC-6AAF-4D5D-A900-57E56A0EA991} = {D422D9FD-5958-4A64-8A55-6BB807149A66}
		{DC0D2575-3D86-4F48-94A9-1E7BF4EE16DA} = {D422D9FD-5958-4A64-8A55-6BB807149A66}
		{AAA4AF50-B3BC-4EC0-945F-64FD9D7A8328} = {9DB17D3E-8140-47AE-9B02-6D80B01EFBB7}
		{021E0F71-3F6B-455A-B4E7-00993126EAB3} = {9DB17D3E-8140-47AE-9B02-6D80B01EFBB7}
		{6AF6C3A1-76B7-4A26-AF64-3F7B872174F6} = {9DB17D3E-8140-47AE-9B02-6D80B01EFBB7}
		{934329AB-75A6-49B1-BC1D-EC1219223B95} = {EA698ED1-FEDD-441D-BF23-F89566D9282F}
		{36894E1E-4D7B-4CC7-892F-BECB994677D2} = {EA698ED1-FEDD-441D-BF23-F89566D9282F}
		{643010EE-CEF7-4A53-B1DB-8BD48533DC03} = {EA698ED1-FEDD-441D-BF23-F89566D9282F}
	EndGlobalSection
	GlobalSection(ExtensibilityGlobals) = postSolution
		SolutionGuid = {96D8459C-C3FE-4065-A72D-B092AD0BDAC1}
	EndGlobalSection
EndGlobal
